# THIS IS AN AUTOGENERATED FILE. DO NOT EDIT THIS FILE DIRECTLY.
# yarn lockfile v1


"@playwright/browser-chromium@^1.47.1":
  version "1.47.1"
  resolved "https://registry.yarnpkg.com/@playwright/browser-chromium/-/browser-chromium-1.47.1.tgz#56cf6cf75e8ed1624510683f1bafd52db0fafbc7"
  integrity sha512-Xz8hcLS3rxir41unYs95ygyNY4LcVroosPLG8CCfeh52JqBBmDMGVOt9rN9xXz7J6l07Lsvwv8zrfxf2d+x0CA==
  dependencies:
    playwright-core "1.47.1"

"@sindresorhus/slugify@^2.2.1":
  version "2.2.1"
  resolved "https://registry.yarnpkg.com/@sindresorhus/slugify/-/slugify-2.2.1.tgz#fa2e2e25d6e1e74a2eeb5e2c37f5ccc516ed2c4b"
  integrity sha512-MkngSCRZ8JdSOCHRaYd+D01XhvU3Hjy6MGl06zhOk614hp9EOAp5gIkBeQg7wtmxpitU6eAL4kdiRMcJa2dlrw==
  dependencies:
    "@sindresorhus/transliterate" "^1.0.0"
    escape-string-regexp "^5.0.0"

"@sindresorhus/transliterate@^1.0.0":
  version "1.6.0"
  resolved "https://registry.yarnpkg.com/@sindresorhus/transliterate/-/transliterate-1.6.0.tgz#2309fff65a868047e6d2dd70dec747c5b36a8327"
  integrity sha512-doH1gimEu3A46VX6aVxpHTeHrytJAG6HgdxntYnCFiIFHEM/ZGpG8KiZGBChchjQmG0XFIBL552kBTjVcMZXwQ==
  dependencies:
    escape-string-regexp "^5.0.0"

"@types/fs-extra@^11.0.4":
  version "11.0.4"
  resolved "https://registry.yarnpkg.com/@types/fs-extra/-/fs-extra-11.0.4.tgz#e16a863bb8843fba8c5004362b5a73e17becca45"
  integrity sha512-yTbItCNreRooED33qjunPthRcSjERP1r4MqCZc7wv0u2sUkzTFp45tgUfS5+r7FrZPdmCCNflLhVSP/o+SemsQ==
  dependencies:
    "@types/jsonfile" "*"
    "@types/node" "*"

"@types/jsonfile@*":
  version "6.1.4"
  resolved "https://registry.yarnpkg.com/@types/jsonfile/-/jsonfile-6.1.4.tgz#614afec1a1164e7d670b4a7ad64df3e7beb7b702"
  integrity sha512-D5qGUYwjvnNNextdU59/+fI+spnwtTFmyQP0h+PfIOSkNfpU6AOICUOkm4i0OnSk+NyjdPJrxCDro0sJsWlRpQ==
  dependencies:
    "@types/node" "*"

"@types/node@*", "@types/node@^22.5.5":
  version "22.5.5"
  resolved "https://registry.yarnpkg.com/@types/node/-/node-22.5.5.tgz#52f939dd0f65fc552a4ad0b392f3c466cc5d7a44"
  integrity sha512-Xjs4y5UPO/CLdzpgR6GirZJx36yScjh73+2NlLlkFRSoQN8B0DpfXPdZGnvVmLRLOsqDpOfTNv7D9trgGhmOIA==
  dependencies:
    undici-types "~6.19.2"

array-shuffle@^3.0.0:
  version "3.0.0"
  resolved "https://registry.yarnpkg.com/array-shuffle/-/array-shuffle-3.0.0.tgz#9a927cc2ca4c8ef4d71cddef7c9ee7b3b733d54b"
  integrity sha512-rogEGxHOQPhslOhpg12LJkB+bbAl484/s2AJq0BxtzQDQfKl76fS2u9zWgg3p3b9ENcuvE7K8A7l5ddiPjCRnw==

chance@^1.1.4:
  version "1.1.12"
  resolved "https://registry.yarnpkg.com/chance/-/chance-1.1.12.tgz#6a263cf241674af50a1b903357f9d328a6f252fb"
  integrity sha512-vVBIGQVnwtUG+SYe0ge+3MvF78cvSpuCOEUJr7sVEk2vSBuMW6OXNJjSzdtzrlxNUEaoqH2GBd5Y/+18BEB01Q==

core-js@^3.6.4:
  version "3.38.1"
  resolved "https://registry.yarnpkg.com/core-js/-/core-js-3.38.1.tgz#aa375b79a286a670388a1a363363d53677c0383e"
  integrity sha512-OP35aUorbU3Zvlx7pjsFdu1rGNnD4pgw/CWoYzRY3t2EzoVT7shKHY1dlAy3f41cGIO7ZDPQimhGFTlEYkG/Hw==

escape-string-regexp@^5.0.0:
  version "5.0.0"
  resolved "https://registry.yarnpkg.com/escape-string-regexp/-/escape-string-regexp-5.0.0.tgz#4683126b500b61762f2dbebace1806e8be31b1c8"
  integrity sha512-/veY75JbMK4j1yjvuUxuVsiS/hr/4iHs9FTT6cgTexxdE0Ly/glccBAkloH/DofkjRbZU3bnoj38mOmhkZ0lHw==

fs-extra@^11.2.0:
  version "11.2.0"
  resolved "https://registry.yarnpkg.com/fs-extra/-/fs-extra-11.2.0.tgz#e70e17dfad64232287d01929399e0ea7c86b0e5b"
  integrity sha512-PmDi3uwK5nFuXh7XDTlVnS17xJS7vW36is2+w3xcv8SVxiB4NyATf4ctkVY5bkSjX0Y4nbvZCq1/EjtEyr9ktw==
  dependencies:
    graceful-fs "^4.2.0"
    jsonfile "^6.0.1"
    universalify "^2.0.0"

fsevents@2.3.2:
  version "2.3.2"
  resolved "https://registry.yarnpkg.com/fsevents/-/fsevents-2.3.2.tgz#8a526f78b8fdf4623b709e0b975c52c24c02fd1a"
  integrity sha512-xiqMQR4xAeHTuB9uWm+fFRcIOgKBMiOBP+eXiyT7jsgVCq1bkVygt00oASowB7EdtpOHaaPgKt812P9ab+DDKA==

graceful-fs@^4.1.6, graceful-fs@^4.2.0:
  version "4.2.11"
  resolved "https://registry.yarnpkg.com/graceful-fs/-/graceful-fs-4.2.11.tgz#4183e4e8bf08bb6e05bbb2f7d2e0c8f712ca40e3"
  integrity sha512-RbJ5/jmFcNNCcDV5o9eTnBLJ/HszWV0P73bc+Ff4nS/rJj+YaS6IGyiOL0VoBYX+l1Wrl3k63h/KrH+nhJ0XvQ==

gremlins.js@^2.2.0:
  version "2.2.0"
  resolved "https://registry.yarnpkg.com/gremlins.js/-/gremlins.js-2.2.0.tgz#663b09cbc59f09ffa1263e2737286c10c7f6fb79"
  integrity sha512-zVe4+WuCwTheg1OzBOdtiy7nZj52lWyWjCPMw/78wI1uAJdGlc97hVGYsZg0v75Hm+E91y5D+yG4U0lk7j/6xg==
  dependencies:
    chance "^1.1.4"
    core-js "^3.6.4"

jsonfile@^6.0.1:
  version "6.1.0"
  resolved "https://registry.yarnpkg.com/jsonfile/-/jsonfile-6.1.0.tgz#bc55b2634793c679ec6403094eb13698a6ec0aae"
  integrity sha512-5dgndWOriYSm5cnYaJNhalLNDKOqFwyDB/rr1E9ZsGciGvKPs8R2xYGCacuf3z6K1YKDz182fd+fY3cn3pMqXQ==
  dependencies:
    universalify "^2.0.0"
  optionalDependencies:
    graceful-fs "^4.1.6"

p-map@^7.0.2:
  version "7.0.2"
  resolved "https://registry.yarnpkg.com/p-map/-/p-map-7.0.2.tgz#7c5119fada4755660f70199a66aa3fe2f85a1fe8"
  integrity sha512-z4cYYMMdKHzw4O5UkWJImbZynVIo0lSGTXc7bzB1e/rrDqkgGUNysK/o4bTr+0+xKvvLoTyGqYC4Fgljy9qe1Q==

playwright-core@1.47.1:
  version "1.47.1"
  resolved "https://registry.yarnpkg.com/playwright-core/-/playwright-core-1.47.1.tgz#bb45bdfb0d48412c535501aa3805867282857df8"
  integrity sha512-i1iyJdLftqtt51mEk6AhYFaAJCDx0xQ/O5NU8EKaWFgMjItPVma542Nh/Aq8aLCjIJSzjaiEQGW/nyqLkGF1OQ==

playwright@^1.47.1:
  version "1.47.1"
  resolved "https://registry.yarnpkg.com/playwright/-/playwright-1.47.1.tgz#cdc1116f5265b8d2ff7be0d8942d49900634dc6c"
  integrity sha512-SUEKi6947IqYbKxRiqnbUobVZY4bF1uu+ZnZNJX9DfU1tlf2UhWfvVjLf01pQx9URsOr18bFVUKXmanYWhbfkw==
  dependencies:
    playwright-core "1.47.1"
  optionalDependencies:
    fsevents "2.3.2"

undici-types@~6.19.2:
  version "6.19.8"
  resolved "https://registry.yarnpkg.com/undici-types/-/undici-types-6.19.8.tgz#35111c9d1437ab83a7cdc0abae2f26d88eda0a02"
  integrity sha512-ve2KP6f/JnbPBFyobGHuerC9g1FYGn/F8n1LWTwNxCEzd6IfqTwUQcNXgEtmmQ6DlRrC1hrSrBnCZPokRrDHjw==

universalify@^2.0.0:
  version "2.0.1"
  resolved "https://registry.yarnpkg.com/universalify/-/universalify-2.0.1.tgz#168efc2180964e6386d061e094df61afe239b18d"
  integrity sha512-gptHNQghINnc/vTGIk0SOFGFNXw7JVrlRUtConJRlvaw6DuX0wO5Jeko9sWrMBhh+PsYAZ7oXAiOnf/UKogyiw==
